
Microsoft Visual Studio Solution File, Format Version 12.00
# Visual Studio Version 16
VisualStudioVersion = 16.0.30104.148
MinimumVisualStudioVersion = 10.0.40219.1
Project("{FAE04EC0-301F-11D3-BF4B-00C04F79EFBC}") = "mybook", "mybook\mybook.csproj", "{BAC73EBA-D7FE-4BCF-BD7F-C68E46AA8DFC}"
EndProject
Global
	GlobalSection(SolutionConfigurationPlatforms) = preSolution
		Debug|Any CPU = Debug|Any CPU
		Release|Any CPU = Release|Any CPU
	EndGlobalSection
	GlobalSection(ProjectConfigurationPlatforms) = postSolution
		{BAC73EBA-D7FE-4BCF-BD7F-C68E46AA8DFC}.Debug|Any CPU.ActiveCfg = Debug|Any CPU
		{BAC73EBA-D7FE-4BCF-BD7F-C68E46AA8DFC}.Debug|Any CPU.Build.0 = Debug|Any CPU
		{BAC73EBA-D7FE-4BCF-BD7F-C68E46AA8DFC}.Release|Any CPU.ActiveCfg = Release|Any CPU
		{BAC73EBA-D7FE-4BCF-BD7F-C68E46AA8DFC}.Release|Any CPU.Build.0 = Release|Any CPU
	EndGlobalSection
	GlobalSection(SolutionProperties) = preSolution
		HideSolutionNode = FALSE
	EndGlobalSection
	GlobalSection(ExtensibilityGlobals) = postSolution
		SolutionGuid = {861D81E3-7AE4-468C-959C-FFCDC996E9FF}
	EndGlobalSection
EndGlobal
